
Microsoft Visual Studio Solution File, Format Version 12.00
# Visual Studio Version 17
VisualStudioVersion = 17.5.2.0
MinimumVisualStudioVersion = 10.0.40219.1
Project("{FAE04EC0-301F-11D3-BF4B-00C04F79EFBC}") = "FunctionBasic", "Api\FunctionBasic.csproj", "{CBFA08EA-AECE-205F-7B85-326FD0B81BAD}"
EndProject
Project("{FAE04EC0-301F-11D3-BF4B-00C04F79EFBC}") = "BlazorBasic", "Client\BlazorBasic.csproj", "{56A8DF79-58DE-23F2-EEA2-C00A75CD83F8}"
EndProject
Project("{FAE04EC0-301F-11D3-BF4B-00C04F79EFBC}") = "DataBasic", "Data\DataBasic.csproj", "{2AEE4491-6FAA-4691-8104-7AF5F3DB344C}"
EndProject
Global
	GlobalSection(SolutionConfigurationPlatforms) = preSolution
		Debug|Any CPU = Debug|Any CPU
		Debug|x64 = Debug|x64
		Debug|x86 = Debug|x86
		Release|Any CPU = Release|Any CPU
		Release|x64 = Release|x64
		Release|x86 = Release|x86
	EndGlobalSection
	GlobalSection(ProjectConfigurationPlatforms) = postSolution
		{CBFA08EA-AECE-205F-7B85-326FD0B81BAD}.Debug|Any CPU.ActiveCfg = Debug|Any CPU
		{CBFA08EA-AECE-205F-7B85-326FD0B81BAD}.Debug|Any CPU.Build.0 = Debug|Any CPU
		{CBFA08EA-AECE-205F-7B85-326FD0B81BAD}.Debug|x64.ActiveCfg = Debug|Any CPU
		{CBFA08EA-AECE-205F-7B85-326FD0B81BAD}.Debug|x64.Build.0 = Debug|Any CPU
		{CBFA08EA-AECE-205F-7B85-326FD0B81BAD}.Debug|x86.ActiveCfg = Debug|Any CPU
		{CBFA08EA-AECE-205F-7B85-326FD0B81BAD}.Debug|x86.Build.0 = Debug|Any CPU
		{CBFA08EA-AECE-205F-7B85-326FD0B81BAD}.Release|Any CPU.ActiveCfg = Release|Any CPU
		{CBFA08EA-AECE-205F-7B85-326FD0B81BAD}.Release|Any CPU.Build.0 = Release|Any CPU
		{CBFA08EA-AECE-205F-7B85-326FD0B81BAD}.Release|x64.ActiveCfg = Release|Any CPU
		{CBFA08EA-AECE-205F-7B85-326FD0B81BAD}.Release|x64.Build.0 = Release|Any CPU
		{CBFA08EA-AECE-205F-7B85-326FD0B81BAD}.Release|x86.ActiveCfg = Release|Any CPU
		{CBFA08EA-AECE-205F-7B85-326FD0B81BAD}.Release|x86.Build.0 = Release|Any CPU
		{56A8DF79-58DE-23F2-EEA2-C00A75CD83F8}.Debug|Any CPU.ActiveCfg = Debug|Any CPU
		{56A8DF79-58DE-23F2-EEA2-C00A75CD83F8}.Debug|Any CPU.Build.0 = Debug|Any CPU
		{56A8DF79-58DE-23F2-EEA2-C00A75CD83F8}.Debug|x64.ActiveCfg = Debug|Any CPU
		{56A8DF79-58DE-23F2-EEA2-C00A75CD83F8}.Debug|x64.Build.0 = Debug|Any CPU
		{56A8DF79-58DE-23F2-EEA2-C00A75CD83F8}.Debug|x86.ActiveCfg = Debug|Any CPU
		{56A8DF79-58DE-23F2-EEA2-C00A75CD83F8}.Debug|x86.Build.0 = Debug|Any CPU
		{56A8DF79-58DE-23F2-EEA2-C00A75CD83F8}.Release|Any CPU.ActiveCfg = Release|Any CPU
		{56A8DF79-58DE-23F2-EEA2-C00A75CD83F8}.Release|Any CPU.Build.0 = Release|Any CPU
		{56A8DF79-58DE-23F2-EEA2-C00A75CD83F8}.Release|x64.ActiveCfg = Release|Any CPU
		{56A8DF79-58DE-23F2-EEA2-C00A75CD83F8}.Release|x64.Build.0 = Release|Any CPU
		{56A8DF79-58DE-23F2-EEA2-C00A75CD83F8}.Release|x86.ActiveCfg = Release|Any CPU
		{56A8DF79-58DE-23F2-EEA2-C00A75CD83F8}.Release|x86.Build.0 = Release|Any CPU
		{2AEE4491-6FAA-4691-8104-7AF5F3DB344C}.Debug|Any CPU.ActiveCfg = Debug|Any CPU
		{2AEE4491-6FAA-4691-8104-7AF5F3DB344C}.Debug|Any CPU.Build.0 = Debug|Any CPU
		{2AEE4491-6FAA-4691-8104-7AF5F3DB344C}.Debug|x64.ActiveCfg = Debug|Any CPU
		{2AEE4491-6FAA-4691-8104-7AF5F3DB344C}.Debug|x64.Build.0 = Debug|Any CPU
		{2AEE4491-6FAA-4691-8104-7AF5F3DB344C}.Debug|x86.ActiveCfg = Debug|Any CPU
		{2AEE4491-6FAA-4691-8104-7AF5F3DB344C}.Debug|x86.Build.0 = Debug|Any CPU
		{2AEE4491-6FAA-4691-8104-7AF5F3DB344C}.Release|Any CPU.ActiveCfg = Release|Any CPU
		{2AEE4491-6FAA-4691-8104-7AF5F3DB344C}.Release|Any CPU.Build.0 = Release|Any CPU
		{2AEE4491-6FAA-4691-8104-7AF5F3DB344C}.Release|x64.ActiveCfg = Release|Any CPU
		{2AEE4491-6FAA-4691-8104-7AF5F3DB344C}.Release|x64.Build.0 = Release|Any CPU
		{2AEE4491-6FAA-4691-8104-7AF5F3DB344C}.Release|x86.ActiveCfg = Release|Any CPU
		{2AEE4491-6FAA-4691-8104-7AF5F3DB344C}.Release|x86.Build.0 = Release|Any CPU
	EndGlobalSection
	GlobalSection(SolutionProperties) = preSolution
		HideSolutionNode = FALSE
	EndGlobalSection
	GlobalSection(NestedProjects) = preSolution
	EndGlobalSection
	GlobalSection(ExtensibilityGlobals) = postSolution
		SolutionGuid = {98E834EF-EFAD-4F47-92C6-46ADB771FA25}
	EndGlobalSection
EndGlobal
